// !$*UTF8*$!
{
	archiveVersion = 1;
	classes = {
	};
	objectVersion = 46;
	objects = {

/* Begin PBXBuildFile section */
		1154F5E41F4B878700176245 /* AppDelegate.swift in Sources */ = {isa = PBXBuildFile; fileRef = 1154F5E31F4B878700176245 /* AppDelegate.swift */; };
		1154F5E61F4B878700176245 /* ViewController.swift in Sources */ = {isa = PBXBuildFile; fileRef = 1154F5E51F4B878700176245 /* ViewController.swift */; };
		1154F5E91F4B878700176245 /* Main.storyboard in Resources */ = {isa = PBXBuildFile; fileRef = 1154F5E71F4B878700176245 /* Main.storyboard */; };
		1154F5EC1F4B878700176245 /* MidtermProj2018.xcdatamodeld in Sources */ = {isa = PBXBuildFile; fileRef = 1154F5EA1F4B878700176245 /* MidtermProj2018.xcdatamodeld */; };
		1154F5EE1F4B878700176245 /* Assets.xcassets in Resources */ = {isa = PBXBuildFile; fileRef = 1154F5ED1F4B878700176245 /* Assets.xcassets */; };
		1154F5F11F4B878700176245 /* LaunchScreen.storyboard in Resources */ = {isa = PBXBuildFile; fileRef = 1154F5EF1F4B878700176245 /* LaunchScreen.storyboard */; };
		1154F5F91F4B87D400176245 /* GoogleService-Info.plist in Resources */ = {isa = PBXBuildFile; fileRef = 1154F5F81F4B87D400176245 /* GoogleService-Info.plist */; };
		E38A3FE93E7A3079497544FA /* Pods_MidtermProj2018.framework in Frameworks */ = {isa = PBXBuildFile; fileRef = 2E60D9AD84207F6BBA5F58FA /* Pods_MidtermProj2018.framework */; };
/* End PBXBuildFile section */

/* Begin PBXFileReference section */
		1154F5E01F4B878700176245 /* MidtermProj2018.app */ = {isa = PBXFileReference; explicitFileType = wrapper.application; includeInIndex = 0; path = MidtermProj2018.app; sourceTree = BUILT_PRODUCTS_DIR; };
		1154F5E31F4B878700176245 /* AppDelegate.swift */ = {isa = PBXFileReference; lastKnownFileType = sourcecode.swift; path = AppDelegate.swift; sourceTree = "<group>"; };
		1154F5E51F4B878700176245 /* ViewController.swift */ = {isa = PBXFileReference; lastKnownFileType = sourcecode.swift; path = ViewController.swift; sourceTree = "<group>"; };
		1154F5E81F4B878700176245 /* Base */ = {isa = PBXFileReference; lastKnownFileType = file.storyboard; name = Base; path = Base.lproj/Main.storyboard; sourceTree = "<group>"; };
		1154F5EB1F4B878700176245 /* MidtermProj2018.xcdatamodel */ = {isa = PBXFileReference; lastKnownFileType = wrapper.xcdatamodel; path = MidtermProj2018.xcdatamodel; sourceTree = "<group>"; };
		1154F5ED1F4B878700176245 /* Assets.xcassets */ = {isa = PBXFileReference; lastKnownFileType = folder.assetcatalog; path = Assets.xcassets; sourceTree = "<group>"; };
		1154F5F01F4B878700176245 /* Base */ = {isa = PBXFileReference; lastKnownFileType = file.storyboard; name = Base; path = Base.lproj/LaunchScreen.storyboard; sourceTree = "<group>"; };
		1154F5F21F4B878700176245 /* Info.plist */ = {isa = PBXFileReference; lastKnownFileType = text.plist.xml; path = Info.plist; sourceTree = "<group>"; };
		1154F5F81F4B87D400176245 /* GoogleService-Info.plist */ = {isa = PBXFileReference; fileEncoding = 4; lastKnownFileType = text.plist.xml; path = "GoogleService-Info.plist"; sourceTree = "<group>"; };
		2E60D9AD84207F6BBA5F58FA /* Pods_MidtermProj2018.framework */ = {isa = PBXFileReference; explicitFileType = wrapper.framework; includeInIndex = 0; path = Pods_MidtermProj2018.framework; sourceTree = BUILT_PRODUCTS_DIR; };
		48346C8BF4A441E08002E925 /* Pods-MidtermProj2018.release.xcconfig */ = {isa = PBXFileReference; includeInIndex = 1; lastKnownFileType = text.xcconfig; name = "Pods-MidtermProj2018.release.xcconfig"; path = "Pods/Target Support Files/Pods-MidtermProj2018/Pods-MidtermProj2018.release.xcconfig"; sourceTree = "<group>"; };
		D128B818D3E6CDCF5E904C72 /* Pods-MidtermProj2018.debug.xcconfig */ = {isa = PBXFileReference; includeInIndex = 1; lastKnownFileType = text.xcconfig; name = "Pods-MidtermProj2018.debug.xcconfig"; path = "Pods/Target Support Files/Pods-MidtermProj2018/Pods-MidtermProj2018.debug.xcconfig"; sourceTree = "<group>"; };
/* End PBXFileReference section */

/* Begin PBXFrameworksBuildPhase section */
		1154F5DD1F4B878700176245 /* Frameworks */ = {
			isa = PBXFrameworksBuildPhase;
			buildActionMask = 2147483647;
			files = (
				E38A3FE93E7A3079497544FA /* Pods_MidtermProj2018.framework in Frameworks */,
			);
			runOnlyForDeploymentPostprocessing = 0;
		};
/* End PBXFrameworksBuildPhase section */

/* Begin PBXGroup section */
		08B2F1E0092AF72377A8F632 /* Frameworks */ = {
			isa = PBXGroup;
			children = (
				2E60D9AD84207F6BBA5F58FA /* Pods_MidtermProj2018.framework */,
			);
			name = Frameworks;
			sourceTree = "<group>";
		};
		1154F5D71F4B878700176245 = {
			isa = PBXGroup;
			children = (
				1154F5E21F4B878700176245 /* MidtermProj2018 */,
				1154F5E11F4B878700176245 /* Products */,
				26086614F65916F82944697D /* Pods */,
				08B2F1E0092AF72377A8F632 /* Frameworks */,
			);
			sourceTree = "<group>";
		};
		1154F5E11F4B878700176245 /* Products */ = {
			isa = PBXGroup;
			children = (
				1154F5E01F4B878700176245 /* MidtermProj2018.app */,
			);
			name = Products;
			sourceTree = "<group>";
		};
		1154F5E21F4B878700176245 /* MidtermProj2018 */ = {
			isa = PBXGroup;
			children = (
				1154F5E31F4B878700176245 /* AppDelegate.swift */,
				1154F5E51F4B878700176245 /* ViewController.swift */,
				1154F5E71F4B878700176245 /* Main.storyboard */,
				1154F5ED1F4B878700176245 /* Assets.xcassets */,
				1154F5EF1F4B878700176245 /* LaunchScreen.storyboard */,
				1154F5F21F4B878700176245 /* Info.plist */,
				1154F5EA1F4B878700176245 /* MidtermProj2018.xcdatamodeld */,
				1154F5F81F4B87D400176245 /* GoogleService-Info.plist */,
			);
			path = MidtermProj2018;
			sourceTree = "<group>";
		};
		26086614F65916F82944697D /* Pods */ = {
			isa = PBXGroup;
			children = (
				D128B818D3E6CDCF5E904C72 /* Pods-MidtermProj2018.debug.xcconfig */,
				48346C8BF4A441E08002E925 /* Pods-MidtermProj2018.release.xcconfig */,
			);
			name = Pods;
			sourceTree = "<group>";
		};
/* End PBXGroup section */

/* Begin PBXNativeTarget section */
		1154F5DF1F4B878700176245 /* MidtermProj2018 */ = {
			isa = PBXNativeTarget;
			buildConfigurationList = 1154F5F51F4B878700176245 /* Build configuration list for PBXNativeTarget "MidtermProj2018" */;
			buildPhases = (
				8F24B7C57620ACEACF3DF18E /* [CP] Check Pods Manifest.lock */,
				1154F5DC1F4B878700176245 /* Sources */,
				1154F5DD1F4B878700176245 /* Frameworks */,
				1154F5DE1F4B878700176245 /* Resources */,
				62E0F98CD9BC7442364374B3 /* [CP] Embed Pods Frameworks */,
				D463B3AEDC2F34407161B4B8 /* [CP] Copy Pods Resources */,
			);
			buildRules = (
			);
			dependencies = (
			);
			name = MidtermProj2018;
			productName = MidtermProj2018;
			productReference = 1154F5E01F4B878700176245 /* MidtermProj2018.app */;
			productType = "com.apple.product-type.application";
		};
/* End PBXNativeTarget section */

/* Begin PBXProject section */
		1154F5D81F4B878700176245 /* Project object */ = {
			isa = PBXProject;
			attributes = {
				LastSwiftUpdateCheck = 0820;
				LastUpgradeCheck = 0820;
				ORGANIZATIONNAME = "Mohammad Shahzaib Ather";
				TargetAttributes = {
					1154F5DF1F4B878700176245 = {
						CreatedOnToolsVersion = 8.2.1;
						ProvisioningStyle = Automatic;
					};
				};
			};
			buildConfigurationList = 1154F5DB1F4B878700176245 /* Build configuration list for PBXProject "MidtermProj2018" */;
			compatibilityVersion = "Xcode 3.2";
			developmentRegion = English;
			hasScannedForEncodings = 0;
			knownRegions = (
				en,
				Base,
			);
			mainGroup = 1154F5D71F4B878700176245;
			productRefGroup = 1154F5E11F4B878700176245 /* Products */;
			projectDirPath = "";
			projectRoot = "";
			targets = (
				1154F5DF1F4B878700176245 /* MidtermProj2018 */,
			);
		};
/* End PBXProject section */

/* Begin PBXResourcesBuildPhase section */
		1154F5DE1F4B878700176245 /* Resources */ = {
			isa = PBXResourcesBuildPhase;
			buildActionMask = 2147483647;
			files = (
				1154F5F11F4B878700176245 /* LaunchScreen.storyboard in Resources */,
				1154F5F91F4B87D400176245 /* GoogleService-Info.plist in Resources */,
				1154F5EE1F4B878700176245 /* Assets.xcassets in Resources */,
				1154F5E91F4B878700176245 /* Main.storyboard in Resources */,
			);
			runOnlyForDeploymentPostprocessing = 0;
		};
/* End PBXResourcesBuildPhase section */

/* Begin PBXShellScriptBuildPhase section */
		62E0F98CD9BC7442364374B3 /* [CP] Embed Pods Frameworks */ = {
			isa = PBXShellScriptBuildPhase;
			buildActionMask = 2147483647;
			files = (
			);
			inputPaths = (
				"${SRCROOT}/Pods/Target Support Files/Pods-MidtermProj2018/Pods-MidtermProj2018-frameworks.sh",
				"${BUILT_PRODUCTS_DIR}/GTMSessionFetcher/GTMSessionFetcher.framework",
				"${BUILT_PRODUCTS_DIR}/GoogleToolboxForMac/GoogleToolboxForMac.framework",
				"${BUILT_PRODUCTS_DIR}/leveldb-library/leveldb.framework",
				"${BUILT_PRODUCTS_DIR}/nanopb/nanopb.framework",
			);
			name = "[CP] Embed Pods Frameworks";
			outputPaths = (
				"${TARGET_BUILD_DIR}/${FRAMEWORKS_FOLDER_PATH}/GTMSessionFetcher.framework",
				"${TARGET_BUILD_DIR}/${FRAMEWORKS_FOLDER_PATH}/GoogleToolboxForMac.framework",
				"${TARGET_BUILD_DIR}/${FRAMEWORKS_FOLDER_PATH}/leveldb.framework",
				"${TARGET_BUILD_DIR}/${FRAMEWORKS_FOLDER_PATH}/nanopb.framework",
			);
			runOnlyForDeploymentPostprocessing = 0;
			shellPath = /bin/sh;
			shellScript = "\"${SRCROOT}/Pods/Target Support Files/Pods-MidtermProj2018/Pods-MidtermProj2018-frameworks.sh\"\n";
			showEnvVarsInLog = 0;
		};
		8F24B7C57620ACEACF3DF18E /* [CP] Check Pods Manifest.lock */ = {
			isa = PBXShellScriptBuildPhase;
			buildActionMask = 2147483647;
			files = (
			);
			inputPaths = (
				"${PODS_PODFILE_DIR_PATH}/Podfile.lock",
				"${PODS_ROOT}/Manifest.lock",
			);
			name = "[CP] Check Pods Manifest.lock";
			outputPaths = (
				"$(DERIVED_FILE_DIR)/Pods-MidtermProj2018-checkManifestLockResult.txt",
			);
			runOnlyForDeploymentPostprocessing = 0;
			shellPath = /bin/sh;
			shellScript = "diff \"${PODS_PODFILE_DIR_PATH}/Podfile.lock\" \"${PODS_ROOT}/Manifest.lock\" > /dev/null\nif [ $? != 0 ] ; then\n    # print error to STDERR\n    echo \"error: The sandbox is not in sync with the Podfile.lock. Run 'pod install' or update your CocoaPods installation.\" >&2\n    exit 1\nfi\n# This output is used by Xcode 'outputs' to avoid re-running this script phase.\necho \"SUCCESS\" > \"${SCRIPT_OUTPUT_FILE_0}\"\n";
			showEnvVarsInLog = 0;
		};
		D463B3AEDC2F34407161B4B8 /* [CP] Copy Pods Resources */ = {
			isa = PBXShellScriptBuildPhase;
			buildActionMask = 2147483647;
			files = (
			);
			inputPaths = (
			);
			name = "[CP] Copy Pods Resources";
			outputPaths = (
			);
			runOnlyForDeploymentPostprocessing = 0;
			shellPath = /bin/sh;
			shellScript = "\"${SRCROOT}/Pods/Target Support Files/Pods-MidtermProj2018/Pods-MidtermProj2018-resources.sh\"\n";
			showEnvVarsInLog = 0;
		};
/* End PBXShellScriptBuildPhase section */

/* Begin PBXSourcesBuildPhase section */
		1154F5DC1F4B878700176245 /* Sources */ = {
			isa = PBXSourcesBuildPhase;
			buildActionMask = 2147483647;
			files = (
				1154F5E61F4B878700176245 /* ViewController.swift in Sources */,
				1154F5EC1F4B878700176245 /* MidtermProj2018.xcdatamodeld in Sources */,
				1154F5E41F4B878700176245 /* AppDelegate.swift in Sources */,
			);
			runOnlyForDeploymentPostprocessing = 0;
		};
/* End PBXSourcesBuildPhase section */

/* Begin PBXVariantGroup section */
		1154F5E71F4B878700176245 /* Main.storyboard */ = {
			isa = PBXVariantGroup;
			children = (
				1154F5E81F4B878700176245 /* Base */,
			);
			name = Main.storyboard;
			sourceTree = "<group>";
		};
		1154F5EF1F4B878700176245 /* LaunchScreen.storyboard */ = {
			isa = PBXVariantGroup;
			children = (
				1154F5F01F4B878700176245 /* Base */,
			);
			name = LaunchScreen.storyboard;
			sourceTree = "<group>";
		};
/* End PBXVariantGroup section */

/* Begin XCBuildConfiguration section */
		1154F5F31F4B878700176245 /* Debug */ = {
			isa = XCBuildConfiguration;
			buildSettings = {
				ALWAYS_SEARCH_USER_PATHS = NO;
				CLANG_ANALYZER_NONNULL = YES;
				CLANG_CXX_LANGUAGE_STANDARD = "gnu++0x";
				CLANG_CXX_LIBRARY = "libc++";
				CLANG_ENABLE_MODULES = YES;
				CLANG_ENABLE_OBJC_ARC = YES;
				CLANG_WARN_BOOL_CONVERSION = YES;
				CLANG_WARN_CONSTANT_CONVERSION = YES;
				CLANG_WARN_DIRECT_OBJC_ISA_USAGE = YES_ERROR;
				CLANG_WARN_DOCUMENTATION_COMMENTS = YES;
				CLANG_WARN_EMPTY_BODY = YES;
				CLANG_WARN_ENUM_CONVERSION = YES;
				CLANG_WARN_INFINITE_RECURSION = YES;
				CLANG_WARN_INT_CONVERSION = YES;
				CLANG_WARN_OBJC_ROOT_CLASS = YES_ERROR;
				CLANG_WARN_SUSPICIOUS_MOVE = YES;
				CLANG_WARN_UNREACHABLE_CODE = YES;
				CLANG_WARN__DUPLICATE_METHOD_MATCH = YES;
				"CODE_SIGN_IDENTITY[sdk=iphoneos*]" = "iPhone Developer";
				COPY_PHASE_STRIP = NO;
				DEBUG_INFORMATION_FORMAT = dwarf;
				ENABLE_STRICT_OBJC_MSGSEND = YES;
				ENABLE_TESTABILITY = YES;
				GCC_C_LANGUAGE_STANDARD = gnu99;
				GCC_DYNAMIC_NO_PIC = NO;
				GCC_NO_COMMON_BLOCKS = YES;
				GCC_OPTIMIZATION_LEVEL = 0;
				GCC_PREPROCESSOR_DEFINITIONS = (
					"DEBUG=1",
					"$(inherited)",
				);
				GCC_WARN_64_TO_32_BIT_CONVERSION = YES;
				GCC_WARN_ABOUT_RETURN_TYPE = YES_ERROR;
				GCC_WARN_UNDECLARED_SELECTOR = YES;
				GCC_WARN_UNINITIALIZED_AUTOS = YES_AGGRESSIVE;
				GCC_WARN_UNUSED_FUNCTION = YES;
				GCC_WARN_UNUSED_VARIABLE = YES;
				IPHONEOS_DEPLOYMENT_TARGET = 10.2;
				MTL_ENABLE_DEBUG_INFO = YES;
				ONLY_ACTIVE_ARCH = YES;
				SDKROOT = iphoneos;
				SWIFT_ACTIVE_COMPILATION_CONDITIONS = DEBUG;
				SWIFT_OPTIMIZATION_LEVEL = "-Onone";
			};
			name = Debug;
		};
		1154F5F41F4B878700176245 /* Release */ = {
			isa = XCBuildConfiguration;
			buildSettings = {
				ALWAYS_SEARCH_USER_PATHS = NO;
				CLANG_ANALYZER_NONNULL = YES;
				CLANG_CXX_LANGUAGE_STANDARD = "gnu++0x";
				CLANG_CXX_LIBRARY = "libc++";
				CLANG_ENABLE_MODULES = YES;
				CLANG_ENABLE_OBJC_ARC = YES;
				CLANG_WARN_BOOL_CONVERSION = YES;
				CLANG_WARN_CONSTANT_CONVERSION = YES;
				CLANG_WARN_DIRECT_OBJC_ISA_USAGE = YES_ERROR;
				CLANG_WARN_DOCUMENTATION_COMMENTS = YES;
				CLANG_WARN_EMPTY_BODY = YES;
				CLANG_WARN_ENUM_CONVERSION = YES;
				CLANG_WARN_INFINITE_RECURSION = YES;
				CLANG_WARN_INT_CONVERSION = YES;
				CLANG_WARN_OBJC_ROOT_CLASS = YES_ERROR;
				CLANG_WARN_SUSPICIOUS_MOVE = YES;
				CLANG_WARN_UNREACHABLE_CODE = YES;
				CLANG_WARN__DUPLICATE_METHOD_MATCH = YES;
				"CODE_SIGN_IDENTITY[sdk=iphoneos*]" = "iPhone Developer";
				COPY_PHASE_STRIP = NO;
				DEBUG_INFORMATION_FORMAT = "dwarf-with-dsym";
				ENABLE_NS_ASSERTIONS = NO;
				ENABLE_STRICT_OBJC_MSGSEND = YES;
				GCC_C_LANGUAGE_STANDARD = gnu99;
				GCC_NO_COMMON_BLOCKS = YES;
				GCC_WARN_64_TO_32_BIT_CONVERSION = YES;
				GCC_WARN_ABOUT_RETURN_TYPE = YES_ERROR;
				GCC_WARN_UNDECLARED_SELECTOR = YES;
				GCC_WARN_UNINITIALIZED_AUTOS = YES_AGGRESSIVE;
				GCC_WARN_UNUSED_FUNCTION = YES;
				GCC_WARN_UNUSED_VARIABLE = YES;
				IPHONEOS_DEPLOYMENT_TARGET = 10.2;
				MTL_ENABLE_DEBUG_INFO = NO;
				SDKROOT = iphoneos;
				SWIFT_OPTIMIZATION_LEVEL = "-Owholemodule";
				VALIDATE_PRODUCT = YES;
			};
			name = Release;
		};
		1154F5F61F4B878700176245 /* Debug */ = {
			isa = XCBuildConfiguration;
			baseConfigurationReference = D128B818D3E6CDCF5E904C72 /* Pods-MidtermProj2018.debug.xcconfig */;
			buildSettings = {
				ASSETCATALOG_COMPILER_APPICON_NAME = AppIcon;
				INFOPLIST_FILE = MidtermProj2018/Info.plist;
				LD_RUNPATH_SEARCH_PATHS = "$(inherited) @executable_path/Frameworks";
				PRODUCT_BUNDLE_IDENTIFIER = z.MidtermProj2018;
				PRODUCT_NAME = "$(TARGET_NAME)";
				SWIFT_VERSION = 3.0;
			};
			name = Debug;
		};
		1154F5F71F4B878700176245 /* Release */ = {
			isa = XCBuildConfiguration;
			baseConfigurationReference = 48346C8BF4A441E08002E925 /* Pods-MidtermProj2018.release.xcconfig */;
			buildSettings = {
				ASSETCATALOG_COMPILER_APPICON_NAME = AppIcon;
				INFOPLIST_FILE = MidtermProj2018/Info.plist;
				LD_RUNPATH_SEARCH_PATHS = "$(inherited) @executable_path/Frameworks";
				PRODUCT_BUNDLE_IDENTIFIER = z.MidtermProj2018;
				PRODUCT_NAME = "$(TARGET_NAME)";
				SWIFT_VERSION = 3.0;
			};
			name = Release;
		};
/* End XCBuildConfiguration section */

/* Begin XCConfigurationList section */
		1154F5DB1F4B878700176245 /* Build configuration list for PBXProject "MidtermProj2018" */ = {
			isa = XCConfigurationList;
			buildConfigurations = (
				1154F5F31F4B878700176245 /* Debug */,
				1154F5F41F4B878700176245 /* Release */,
			);
			defaultConfigurationIsVisible = 0;
			defaultConfigurationName = Release;
		};
		1154F5F51F4B878700176245 /* Build configuration list for PBXNativeTarget "MidtermProj2018" */ = {
			isa = XCConfigurationList;
			buildConfigurations = (
				1154F5F61F4B878700176245 /* Debug */,
				1154F5F71F4B878700176245 /* Release */,
			);
			defaultConfigurationIsVisible = 0;
		};
/* End XCConfigurationList section */

/* Begin XCVersionGroup section */
		1154F5EA1F4B878700176245 /* MidtermProj2018.xcdatamodeld */ = {
			isa = XCVersionGroup;
			children = (
				1154F5EB1F4B878700176245 /* MidtermProj2018.xcdatamodel */,
			);
			currentVersion = 1154F5EB1F4B878700176245 /* MidtermProj2018.xcdatamodel */;
			path = MidtermProj2018.xcdatamodeld;
			sourceTree = "<group>";
			versionGroupType = wrapper.xcdatamodel;
		};
/* End XCVersionGroup section */
	};
	rootObject = 1154F5D81F4B878700176245 /* Project object */;
}
